
Microsoft Visual Studio Solution File, Format Version 12.00
# Visual Studio Version 17
VisualStudioVersion = 17.1.32328.378
MinimumVisualStudioVersion = 10.0.40219.1
Project("{FAE04EC0-301F-11D3-BF4B-00C04F79EFBC}") = "assigment3.github", "assigment3.github.csproj", "{136E7AE0-3781-48BF-A15C-EB37A6134F61}"
EndProject
Global
	GlobalSection(SolutionConfigurationPlatforms) = preSolution
		Debug|Any CPU = Debug|Any CPU
		Release|Any CPU = Release|Any CPU
	EndGlobalSection
	GlobalSection(ProjectConfigurationPlatforms) = postSolution
		{136E7AE0-3781-48BF-A15C-EB37A6134F61}.Debug|Any CPU.ActiveCfg = Debug|Any CPU
		{136E7AE0-3781-48BF-A15C-EB37A6134F61}.Debug|Any CPU.Build.0 = Debug|Any CPU
		{136E7AE0-3781-48BF-A15C-EB37A6134F61}.Release|Any CPU.ActiveCfg = Release|Any CPU
		{136E7AE0-3781-48BF-A15C-EB37A6134F61}.Release|Any CPU.Build.0 = Release|Any CPU
	EndGlobalSection
	GlobalSection(SolutionProperties) = preSolution
		HideSolutionNode = FALSE
	EndGlobalSection
	GlobalSection(ExtensibilityGlobals) = postSolution
		SolutionGuid = {D4607027-3335-49BD-B3F7-55EC973C080A}
	EndGlobalSection
EndGlobal
